
Microsoft Visual Studio Solution File, Format Version 12.00
# Visual Studio 15
VisualStudioVersion = 15.0.27703.2047
MinimumVisualStudioVersion = 10.0.40219.1
Project("{FAE04EC0-301F-11D3-BF4B-00C04F79EFBC}") = "CollectionFilter", "CollectionFilter\CollectionFilter.csproj", "{AD31852E-DBA4-4332-A155-8B9438AE8D4A}"
EndProject
Project("{FAE04EC0-301F-11D3-BF4B-00C04F79EFBC}") = "CollectionFilterTests", "CollectionFilterTests\CollectionFilterTests.csproj", "{D74C4B5A-FB13-4BC1-B444-E6758F5D1AC9}"
EndProject
Global
	GlobalSection(SolutionConfigurationPlatforms) = preSolution
		Debug|Any CPU = Debug|Any CPU
		Release|Any CPU = Release|Any CPU
	EndGlobalSection
	GlobalSection(ProjectConfigurationPlatforms) = postSolution
		{AD31852E-DBA4-4332-A155-8B9438AE8D4A}.Debug|Any CPU.ActiveCfg = Debug|Any CPU
		{AD31852E-DBA4-4332-A155-8B9438AE8D4A}.Debug|Any CPU.Build.0 = Debug|Any CPU
		{AD31852E-DBA4-4332-A155-8B9438AE8D4A}.Release|Any CPU.ActiveCfg = Release|Any CPU
		{AD31852E-DBA4-4332-A155-8B9438AE8D4A}.Release|Any CPU.Build.0 = Release|Any CPU
		{D74C4B5A-FB13-4BC1-B444-E6758F5D1AC9}.Debug|Any CPU.ActiveCfg = Debug|Any CPU
		{D74C4B5A-FB13-4BC1-B444-E6758F5D1AC9}.Debug|Any CPU.Build.0 = Debug|Any CPU
		{D74C4B5A-FB13-4BC1-B444-E6758F5D1AC9}.Release|Any CPU.ActiveCfg = Release|Any CPU
		{D74C4B5A-FB13-4BC1-B444-E6758F5D1AC9}.Release|Any CPU.Build.0 = Release|Any CPU
	EndGlobalSection
	GlobalSection(SolutionProperties) = preSolution
		HideSolutionNode = FALSE
	EndGlobalSection
	GlobalSection(ExtensibilityGlobals) = postSolution
		SolutionGuid = {7A375DB4-668A-4775-9530-4EF25ADCBCD9}
	EndGlobalSection
EndGlobal
